
Microsoft Visual Studio Solution File, Format Version 12.00
# Visual Studio Version 16
VisualStudioVersion = 16.0.34902.97
MinimumVisualStudioVersion = 10.0.40219.1
Project("{FAE04EC0-301F-11D3-BF4B-00C04F79EFBC}") = "ChessDotter", "ChessDotter\ChessDotter.csproj", "{24C3B1A2-0177-49CC-90FB-7D88E9FE03BC}"
EndProject
Global
	GlobalSection(SolutionConfigurationPlatforms) = preSolution
		Debug|Any CPU = Debug|Any CPU
		Release|Any CPU = Release|Any CPU
	EndGlobalSection
	GlobalSection(ProjectConfigurationPlatforms) = postSolution
		{24C3B1A2-0177-49CC-90FB-7D88E9FE03BC}.Debug|Any CPU.ActiveCfg = Debug|Any CPU
		{24C3B1A2-0177-49CC-90FB-7D88E9FE03BC}.Debug|Any CPU.Build.0 = Debug|Any CPU
		{24C3B1A2-0177-49CC-90FB-7D88E9FE03BC}.Release|Any CPU.ActiveCfg = Release|Any CPU
		{24C3B1A2-0177-49CC-90FB-7D88E9FE03BC}.Release|Any CPU.Build.0 = Release|Any CPU
	EndGlobalSection
	GlobalSection(SolutionProperties) = preSolution
		HideSolutionNode = FALSE
	EndGlobalSection
	GlobalSection(ExtensibilityGlobals) = postSolution
		SolutionGuid = {42F8C41A-DC7D-4D60-807D-C074563D43AE}
	EndGlobalSection
EndGlobal
